
Microsoft Visual Studio Solution File, Format Version 12.00
# Visual Studio Version 16
VisualStudioVersion = 16.0.29503.13
MinimumVisualStudioVersion = 10.0.40219.1
Project("{9A19103F-16F7-4668-BE54-9A1E7A4F7556}") = "TrendyShop", "TrendyShop.csproj", "{F875B199-DDD2-40F3-B221-CBA0FC75CC12}"
EndProject
Global
	GlobalSection(SolutionConfigurationPlatforms) = preSolution
		Debug|Any CPU = Debug|Any CPU
		Release|Any CPU = Release|Any CPU
	EndGlobalSection
	GlobalSection(ProjectConfigurationPlatforms) = postSolution
		{F875B199-DDD2-40F3-B221-CBA0FC75CC12}.Debug|Any CPU.ActiveCfg = Debug|Any CPU
		{F875B199-DDD2-40F3-B221-CBA0FC75CC12}.Debug|Any CPU.Build.0 = Debug|Any CPU
		{F875B199-DDD2-40F3-B221-CBA0FC75CC12}.Release|Any CPU.ActiveCfg = Release|Any CPU
		{F875B199-DDD2-40F3-B221-CBA0FC75CC12}.Release|Any CPU.Build.0 = Release|Any CPU
	EndGlobalSection
	GlobalSection(SolutionProperties) = preSolution
		HideSolutionNode = FALSE
	EndGlobalSection
	GlobalSection(ExtensibilityGlobals) = postSolution
		SolutionGuid = {87AEDC16-EEBC-4EAE-9908-3820F5A6DB5A}
	EndGlobalSection
EndGlobal
